// !$*UTF8*$!
{
	archiveVersion = 1;
	classes = {
	};
	objectVersion = 55;
	objects = {

/* Begin PBXBuildFile section */
		498D04E0277058B300D4056E /* PKMApp.swift in Sources */ = {isa = PBXBuildFile; fileRef = 498D04DF277058B300D4056E /* PKMApp.swift */; };
		498D04E2277058B300D4056E /* ContentView.swift in Sources */ = {isa = PBXBuildFile; fileRef = 498D04E1277058B300D4056E /* ContentView.swift */; };
		498D04E4277058B400D4056E /* Assets.xcassets in Resources */ = {isa = PBXBuildFile; fileRef = 498D04E3277058B400D4056E /* Assets.xcassets */; };
		498D04E7277058B400D4056E /* Preview Assets.xcassets in Resources */ = {isa = PBXBuildFile; fileRef = 498D04E6277058B400D4056E /* Preview Assets.xcassets */; };
		498D04F1277058B400D4056E /* PKMTests.swift in Sources */ = {isa = PBXBuildFile; fileRef = 498D04F0277058B400D4056E /* PKMTests.swift */; };
		498D04FB277058B400D4056E /* PKMUITests.swift in Sources */ = {isa = PBXBuildFile; fileRef = 498D04FA277058B400D4056E /* PKMUITests.swift */; };
		498D04FD277058B400D4056E /* PKMUITestsLaunchTests.swift in Sources */ = {isa = PBXBuildFile; fileRef = 498D04FC277058B400D4056E /* PKMUITestsLaunchTests.swift */; };
		498D050C277059ED00D4056E /* Home.swift in Sources */ = {isa = PBXBuildFile; fileRef = 498D050B277059ED00D4056E /* Home.swift */; };
		498D050E277065F400D4056E /* Story.swift in Sources */ = {isa = PBXBuildFile; fileRef = 498D050D277065F400D4056E /* Story.swift */; };
		498D051027706D8400D4056E /* BlurView.swift in Sources */ = {isa = PBXBuildFile; fileRef = 498D050F27706D8400D4056E /* BlurView.swift */; };
/* End PBXBuildFile section */

/* Begin PBXContainerItemProxy section */
		498D04ED277058B400D4056E /* PBXContainerItemProxy */ = {
			isa = PBXContainerItemProxy;
			containerPortal = 498D04D4277058B300D4056E /* Project object */;
			proxyType = 1;
			remoteGlobalIDString = 498D04DB277058B300D4056E;
			remoteInfo = PKM;
		};
		498D04F7277058B400D4056E /* PBXContainerItemProxy */ = {
			isa = PBXContainerItemProxy;
			containerPortal = 498D04D4277058B300D4056E /* Project object */;
			proxyType = 1;
			remoteGlobalIDString = 498D04DB277058B300D4056E;
			remoteInfo = PKM;
		};
/* End PBXContainerItemProxy section */

/* Begin PBXFileReference section */
		498D04DC277058B300D4056E /* AdhaApp.app */ = {isa = PBXFileReference; explicitFileType = wrapper.application; includeInIndex = 0; path = AdhaApp.app; sourceTree = BUILT_PRODUCTS_DIR; };
		498D04DF277058B300D4056E /* PKMApp.swift */ = {isa = PBXFileReference; lastKnownFileType = sourcecode.swift; path = PKMApp.swift; sourceTree = "<group>"; };
		498D04E1277058B300D4056E /* ContentView.swift */ = {isa = PBXFileReference; lastKnownFileType = sourcecode.swift; path = ContentView.swift; sourceTree = "<group>"; };
		498D04E3277058B400D4056E /* Assets.xcassets */ = {isa = PBXFileReference; lastKnownFileType = folder.assetcatalog; path = Assets.xcassets; sourceTree = "<group>"; };
		498D04E6277058B400D4056E /* Preview Assets.xcassets */ = {isa = PBXFileReference; lastKnownFileType = folder.assetcatalog; path = "Preview Assets.xcassets"; sourceTree = "<group>"; };
		498D04EC277058B400D4056E /* PKMTests.xctest */ = {isa = PBXFileReference; explicitFileType = wrapper.cfbundle; includeInIndex = 0; path = PKMTests.xctest; sourceTree = BUILT_PRODUCTS_DIR; };
		498D04F0277058B400D4056E /* PKMTests.swift */ = {isa = PBXFileReference; lastKnownFileType = sourcecode.swift; path = PKMTests.swift; sourceTree = "<group>"; };
		498D04F6277058B400D4056E /* PKMUITests.xctest */ = {isa = PBXFileReference; explicitFileType = wrapper.cfbundle; includeInIndex = 0; path = PKMUITests.xctest; sourceTree = BUILT_PRODUCTS_DIR; };
		498D04FA277058B400D4056E /* PKMUITests.swift */ = {isa = PBXFileReference; lastKnownFileType = sourcecode.swift; path = PKMUITests.swift; sourceTree = "<group>"; };
		498D04FC277058B400D4056E /* PKMUITestsLaunchTests.swift */ = {isa = PBXFileReference; lastKnownFileType = sourcecode.swift; path = PKMUITestsLaunchTests.swift; sourceTree = "<group>"; };
		498D050B277059ED00D4056E /* Home.swift */ = {isa = PBXFileReference; lastKnownFileType = sourcecode.swift; path = Home.swift; sourceTree = "<group>"; };
		498D050D277065F400D4056E /* Story.swift */ = {isa = PBXFileReference; lastKnownFileType = sourcecode.swift; path = Story.swift; sourceTree = "<group>"; };
		498D050F27706D8400D4056E /* BlurView.swift */ = {isa = PBXFileReference; lastKnownFileType = sourcecode.swift; path = BlurView.swift; sourceTree = "<group>"; };
/* End PBXFileReference section */

/* Begin PBXFrameworksBuildPhase section */
		498D04D9277058B300D4056E /* Frameworks */ = {
			isa = PBXFrameworksBuildPhase;
			buildActionMask = 2147483647;
			files = (
			);
			runOnlyForDeploymentPostprocessing = 0;
		};
		498D04E9277058B400D4056E /* Frameworks */ = {
			isa = PBXFrameworksBuildPhase;
			buildActionMask = 2147483647;
			files = (
			);
			runOnlyForDeploymentPostprocessing = 0;
		};
		498D04F3277058B400D4056E /* Frameworks */ = {
			isa = PBXFrameworksBuildPhase;
			buildActionMask = 2147483647;
			files = (
			);
			runOnlyForDeploymentPostprocessing = 0;
		};
/* End PBXFrameworksBuildPhase section */

/* Begin PBXGroup section */
		498D04D3277058B300D4056E = {
			isa = PBXGroup;
			children = (
				498D04DE277058B300D4056E /* PKM */,
				498D04EF277058B400D4056E /* PKMTests */,
				498D04F9277058B400D4056E /* PKMUITests */,
				498D04DD277058B300D4056E /* Products */,
			);
			sourceTree = "<group>";
		};
		498D04DD277058B300D4056E /* Products */ = {
			isa = PBXGroup;
			children = (
				498D04DC277058B300D4056E /* AdhaApp.app */,
				498D04EC277058B400D4056E /* PKMTests.xctest */,
				498D04F6277058B400D4056E /* PKMUITests.xctest */,
			);
			name = Products;
			sourceTree = "<group>";
		};
		498D04DE277058B300D4056E /* PKM */ = {
			isa = PBXGroup;
			children = (
				498D050A2770590F00D4056E /* Model */,
				498D05092770590300D4056E /* View */,
				498D04DF277058B300D4056E /* PKMApp.swift */,
				498D04E1277058B300D4056E /* ContentView.swift */,
				498D04E3277058B400D4056E /* Assets.xcassets */,
				498D04E5277058B400D4056E /* Preview Content */,
			);
			path = PKM;
			sourceTree = "<group>";
		};
		498D04E5277058B400D4056E /* Preview Content */ = {
			isa = PBXGroup;
			children = (
				498D04E6277058B400D4056E /* Preview Assets.xcassets */,
			);
			path = "Preview Content";
			sourceTree = "<group>";
		};
		498D04EF277058B400D4056E /* PKMTests */ = {
			isa = PBXGroup;
			children = (
				498D04F0277058B400D4056E /* PKMTests.swift */,
			);
			path = PKMTests;
			sourceTree = "<group>";
		};
		498D04F9277058B400D4056E /* PKMUITests */ = {
			isa = PBXGroup;
			children = (
				498D04FA277058B400D4056E /* PKMUITests.swift */,
				498D04FC277058B400D4056E /* PKMUITestsLaunchTests.swift */,
			);
			path = PKMUITests;
			sourceTree = "<group>";
		};
		498D05092770590300D4056E /* View */ = {
			isa = PBXGroup;
			children = (
				498D050B277059ED00D4056E /* Home.swift */,
				498D050F27706D8400D4056E /* BlurView.swift */,
			);
			path = View;
			sourceTree = "<group>";
		};
		498D050A2770590F00D4056E /* Model */ = {
			isa = PBXGroup;
			children = (
				498D050D277065F400D4056E /* Story.swift */,
			);
			path = Model;
			sourceTree = "<group>";
		};
/* End PBXGroup section */

/* Begin PBXNativeTarget section */
		498D04DB277058B300D4056E /* PKM */ = {
			isa = PBXNativeTarget;
			buildConfigurationList = 498D0500277058B400D4056E /* Build configuration list for PBXNativeTarget "PKM" */;
			buildPhases = (
				498D04D8277058B300D4056E /* Sources */,
				498D04D9277058B300D4056E /* Frameworks */,
				498D04DA277058B300D4056E /* Resources */,
			);
			buildRules = (
			);
			dependencies = (
			);
			name = PKM;
			productName = PKM;
			productReference = 498D04DC277058B300D4056E /* AdhaApp.app */;
			productType = "com.apple.product-type.application";
		};
		498D04EB277058B400D4056E /* PKMTests */ = {
			isa = PBXNativeTarget;
			buildConfigurationList = 498D0503277058B400D4056E /* Build configuration list for PBXNativeTarget "PKMTests" */;
			buildPhases = (
				498D04E8277058B400D4056E /* Sources */,
				498D04E9277058B400D4056E /* Frameworks */,
				498D04EA277058B400D4056E /* Resources */,
			);
			buildRules = (
			);
			dependencies = (
				498D04EE277058B400D4056E /* PBXTargetDependency */,
			);
			name = PKMTests;
			productName = PKMTests;
			productReference = 498D04EC277058B400D4056E /* PKMTests.xctest */;
			productType = "com.apple.product-type.bundle.unit-test";
		};
		498D04F5277058B400D4056E /* PKMUITests */ = {
			isa = PBXNativeTarget;
			buildConfigurationList = 498D0506277058B400D4056E /* Build configuration list for PBXNativeTarget "PKMUITests" */;
			buildPhases = (
				498D04F2277058B400D4056E /* Sources */,
				498D04F3277058B400D4056E /* Frameworks */,
				498D04F4277058B400D4056E /* Resources */,
			);
			buildRules = (
			);
			dependencies = (
				498D04F8277058B400D4056E /* PBXTargetDependency */,
			);
			name = PKMUITests;
			productName = PKMUITests;
			productReference = 498D04F6277058B400D4056E /* PKMUITests.xctest */;
			productType = "com.apple.product-type.bundle.ui-testing";
		};
/* End PBXNativeTarget section */

/* Begin PBXProject section */
		498D04D4277058B300D4056E /* Project object */ = {
			isa = PBXProject;
			attributes = {
				BuildIndependentTargetsInParallel = 1;
				LastSwiftUpdateCheck = 1310;
				LastUpgradeCheck = 1310;
				TargetAttributes = {
					498D04DB277058B300D4056E = {
						CreatedOnToolsVersion = 13.1;
					};
					498D04EB277058B400D4056E = {
						CreatedOnToolsVersion = 13.1;
						TestTargetID = 498D04DB277058B300D4056E;
					};
					498D04F5277058B400D4056E = {
						CreatedOnToolsVersion = 13.1;
						TestTargetID = 498D04DB277058B300D4056E;
					};
				};
			};
			buildConfigurationList = 498D04D7277058B300D4056E /* Build configuration list for PBXProject "PKM" */;
			compatibilityVersion = "Xcode 13.0";
			developmentRegion = en;
			hasScannedForEncodings = 0;
			knownRegions = (
				en,
				Base,
			);
			mainGroup = 498D04D3277058B300D4056E;
			productRefGroup = 498D04DD277058B300D4056E /* Products */;
			projectDirPath = "";
			projectRoot = "";
			targets = (
				498D04DB277058B300D4056E /* PKM */,
				498D04EB277058B400D4056E /* PKMTests */,
				498D04F5277058B400D4056E /* PKMUITests */,
			);
		};
/* End PBXProject section */

/* Begin PBXResourcesBuildPhase section */
		498D04DA277058B300D4056E /* Resources */ = {
			isa = PBXResourcesBuildPhase;
			buildActionMask = 2147483647;
			files = (
				498D04E7277058B400D4056E /* Preview Assets.xcassets in Resources */,
				498D04E4277058B400D4056E /* Assets.xcassets in Resources */,
			);
			runOnlyForDeploymentPostprocessing = 0;
		};
		498D04EA277058B400D4056E /* Resources */ = {
			isa = PBXResourcesBuildPhase;
			buildActionMask = 2147483647;
			files = (
			);
			runOnlyForDeploymentPostprocessing = 0;
		};
		498D04F4277058B400D4056E /* Resources */ = {
			isa = PBXResourcesBuildPhase;
			buildActionMask = 2147483647;
			files = (
			);
			runOnlyForDeploymentPostprocessing = 0;
		};
/* End PBXResourcesBuildPhase section */

/* Begin PBXSourcesBuildPhase section */
		498D04D8277058B300D4056E /* Sources */ = {
			isa = PBXSourcesBuildPhase;
			buildActionMask = 2147483647;
			files = (
				498D04E2277058B300D4056E /* ContentView.swift in Sources */,
				498D050C277059ED00D4056E /* Home.swift in Sources */,
				498D051027706D8400D4056E /* BlurView.swift in Sources */,
				498D04E0277058B300D4056E /* PKMApp.swift in Sources */,
				498D050E277065F400D4056E /* Story.swift in Sources */,
			);
			runOnlyForDeploymentPostprocessing = 0;
		};
		498D04E8277058B400D4056E /* Sources */ = {
			isa = PBXSourcesBuildPhase;
			buildActionMask = 2147483647;
			files = (
				498D04F1277058B400D4056E /* PKMTests.swift in Sources */,
			);
			runOnlyForDeploymentPostprocessing = 0;
		};
		498D04F2277058B400D4056E /* Sources */ = {
			isa = PBXSourcesBuildPhase;
			buildActionMask = 2147483647;
			files = (
				498D04FB277058B400D4056E /* PKMUITests.swift in Sources */,
				498D04FD277058B400D4056E /* PKMUITestsLaunchTests.swift in Sources */,
			);
			runOnlyForDeploymentPostprocessing = 0;
		};
/* End PBXSourcesBuildPhase section */

/* Begin PBXTargetDependency section */
		498D04EE277058B400D4056E /* PBXTargetDependency */ = {
			isa = PBXTargetDependency;
			target = 498D04DB277058B300D4056E /* PKM */;
			targetProxy = 498D04ED277058B400D4056E /* PBXContainerItemProxy */;
		};
		498D04F8277058B400D4056E /* PBXTargetDependency */ = {
			isa = PBXTargetDependency;
			target = 498D04DB277058B300D4056E /* PKM */;
			targetProxy = 498D04F7277058B400D4056E /* PBXContainerItemProxy */;
		};
/* End PBXTargetDependency section */

/* Begin XCBuildConfiguration section */
		498D04FE277058B400D4056E /* Debug */ = {
			isa = XCBuildConfiguration;
			buildSettings = {
				ALWAYS_SEARCH_USER_PATHS = NO;
				CLANG_ANALYZER_NONNULL = YES;
				CLANG_ANALYZER_NUMBER_OBJECT_CONVERSION = YES_AGGRESSIVE;
				CLANG_CXX_LANGUAGE_STANDARD = "gnu++17";
				CLANG_CXX_LIBRARY = "libc++";
				CLANG_ENABLE_MODULES = YES;
				CLANG_ENABLE_OBJC_ARC = YES;
				CLANG_ENABLE_OBJC_WEAK = YES;
				CLANG_WARN_BLOCK_CAPTURE_AUTORELEASING = YES;
				CLANG_WARN_BOOL_CONVERSION = YES;
				CLANG_WARN_COMMA = YES;
				CLANG_WARN_CONSTANT_CONVERSION = YES;
				CLANG_WARN_DEPRECATED_OBJC_IMPLEMENTATIONS = YES;
				CLANG_WARN_DIRECT_OBJC_ISA_USAGE = YES_ERROR;
				CLANG_WARN_DOCUMENTATION_COMMENTS = YES;
				CLANG_WARN_EMPTY_BODY = YES;
				CLANG_WARN_ENUM_CONVERSION = YES;
				CLANG_WARN_INFINITE_RECURSION = YES;
				CLANG_WARN_INT_CONVERSION = YES;
				CLANG_WARN_NON_LITERAL_NULL_CONVERSION = YES;
				CLANG_WARN_OBJC_IMPLICIT_RETAIN_SELF = YES;
				CLANG_WARN_OBJC_LITERAL_CONVERSION = YES;
				CLANG_WARN_OBJC_ROOT_CLASS = YES_ERROR;
				CLANG_WARN_QUOTED_INCLUDE_IN_FRAMEWORK_HEADER = YES;
				CLANG_WARN_RANGE_LOOP_ANALYSIS = YES;
				CLANG_WARN_STRICT_PROTOTYPES = YES;
				CLANG_WARN_SUSPICIOUS_MOVE = YES;
				CLANG_WARN_UNGUARDED_AVAILABILITY = YES_AGGRESSIVE;
				CLANG_WARN_UNREACHABLE_CODE = YES;
				CLANG_WARN__DUPLICATE_METHOD_MATCH = YES;
				COPY_PHASE_STRIP = NO;
				DEBUG_INFORMATION_FORMAT = dwarf;
				ENABLE_STRICT_OBJC_MSGSEND = YES;
				ENABLE_TESTABILITY = YES;
				GCC_C_LANGUAGE_STANDARD = gnu11;
				GCC_DYNAMIC_NO_PIC = NO;
				GCC_NO_COMMON_BLOCKS = YES;
				GCC_OPTIMIZATION_LEVEL = 0;
				GCC_PREPROCESSOR_DEFINITIONS = (
					"DEBUG=1",
					"$(inherited)",
				);
				GCC_WARN_64_TO_32_BIT_CONVERSION = YES;
				GCC_WARN_ABOUT_RETURN_TYPE = YES_ERROR;
				GCC_WARN_UNDECLARED_SELECTOR = YES;
				GCC_WARN_UNINITIALIZED_AUTOS = YES_AGGRESSIVE;
				GCC_WARN_UNUSED_FUNCTION = YES;
				GCC_WARN_UNUSED_VARIABLE = YES;
				IPHONEOS_DEPLOYMENT_TARGET = 15.0;
				MTL_ENABLE_DEBUG_INFO = INCLUDE_SOURCE;
				MTL_FAST_MATH = YES;
				ONLY_ACTIVE_ARCH = YES;
				SDKROOT = iphoneos;
				SWIFT_ACTIVE_COMPILATION_CONDITIONS = DEBUG;
				SWIFT_OPTIMIZATION_LEVEL = "-Onone";
			};
			name = Debug;
		};
		498D04FF277058B400D4056E /* Release */ = {
			isa = XCBuildConfiguration;
			buildSettings = {
				ALWAYS_SEARCH_USER_PATHS = NO;
				CLANG_ANALYZER_NONNULL = YES;
				CLANG_ANALYZER_NUMBER_OBJECT_CONVERSION = YES_AGGRESSIVE;
				CLANG_CXX_LANGUAGE_STANDARD = "gnu++17";
				CLANG_CXX_LIBRARY = "libc++";
				CLANG_ENABLE_MODULES = YES;
				CLANG_ENABLE_OBJC_ARC = YES;
				CLANG_ENABLE_OBJC_WEAK = YES;
				CLANG_WARN_BLOCK_CAPTURE_AUTORELEASING = YES;
				CLANG_WARN_BOOL_CONVERSION = YES;
				CLANG_WARN_COMMA = YES;
				CLANG_WARN_CONSTANT_CONVERSION = YES;
				CLANG_WARN_DEPRECATED_OBJC_IMPLEMENTATIONS = YES;
				CLANG_WARN_DIRECT_OBJC_ISA_USAGE = YES_ERROR;
				CLANG_WARN_DOCUMENTATION_COMMENTS = YES;
				CLANG_WARN_EMPTY_BODY = YES;
				CLANG_WARN_ENUM_CONVERSION = YES;
				CLANG_WARN_INFINITE_RECURSION = YES;
				CLANG_WARN_INT_CONVERSION = YES;
				CLANG_WARN_NON_LITERAL_NULL_CONVERSION = YES;
				CLANG_WARN_OBJC_IMPLICIT_RETAIN_SELF = YES;
				CLANG_WARN_OBJC_LITERAL_CONVERSION = YES;
				CLANG_WARN_OBJC_ROOT_CLASS = YES_ERROR;
				CLANG_WARN_QUOTED_INCLUDE_IN_FRAMEWORK_HEADER = YES;
				CLANG_WARN_RANGE_LOOP_ANALYSIS = YES;
				CLANG_WARN_STRICT_PROTOTYPES = YES;
				CLANG_WARN_SUSPICIOUS_MOVE = YES;
				CLANG_WARN_UNGUARDED_AVAILABILITY = YES_AGGRESSIVE;
				CLANG_WARN_UNREACHABLE_CODE = YES;
				CLANG_WARN__DUPLICATE_METHOD_MATCH = YES;
				COPY_PHASE_STRIP = NO;
				DEBUG_INFORMATION_FORMAT = "dwarf-with-dsym";
				ENABLE_NS_ASSERTIONS = NO;
				ENABLE_STRICT_OBJC_MSGSEND = YES;
				GCC_C_LANGUAGE_STANDARD = gnu11;
				GCC_NO_COMMON_BLOCKS = YES;
				GCC_WARN_64_TO_32_BIT_CONVERSION = YES;
				GCC_WARN_ABOUT_RETURN_TYPE = YES_ERROR;
				GCC_WARN_UNDECLARED_SELECTOR = YES;
				GCC_WARN_UNINITIALIZED_AUTOS = YES_AGGRESSIVE;
				GCC_WARN_UNUSED_FUNCTION = YES;
				GCC_WARN_UNUSED_VARIABLE = YES;
				IPHONEOS_DEPLOYMENT_TARGET = 15.0;
				MTL_ENABLE_DEBUG_INFO = NO;
				MTL_FAST_MATH = YES;
				SDKROOT = iphoneos;
				SWIFT_COMPILATION_MODE = wholemodule;
				SWIFT_OPTIMIZATION_LEVEL = "-O";
				VALIDATE_PRODUCT = YES;
			};
			name = Release;
		};
		498D0501277058B400D4056E /* Debug */ = {
			isa = XCBuildConfiguration;
			buildSettings = {
				ASSETCATALOG_COMPILER_APPICON_NAME = AppIcon;
				ASSETCATALOG_COMPILER_GLOBAL_ACCENT_COLOR_NAME = AccentColor;
				ASSETCATALOG_COMPILER_INCLUDE_ALL_APPICON_ASSETS = NO;
				CODE_SIGN_STYLE = Automatic;
				CURRENT_PROJECT_VERSION = 1;
				DEVELOPMENT_ASSET_PATHS = "\"PKM/Preview Content\"";
				DEVELOPMENT_TEAM = TYPD79YR6C;
				ENABLE_PREVIEWS = YES;
				GENERATE_INFOPLIST_FILE = YES;
				INFOPLIST_KEY_CFBundleDisplayName = "PKM PM";
				INFOPLIST_KEY_LSApplicationCategoryType = "public.app-category.education";
				INFOPLIST_KEY_UIApplicationSceneManifest_Generation = YES;
				INFOPLIST_KEY_UIApplicationSupportsIndirectInputEvents = YES;
				INFOPLIST_KEY_UILaunchScreen_Generation = YES;
				INFOPLIST_KEY_UIRequiresFullScreen = NO;
				INFOPLIST_KEY_UISupportedInterfaceOrientations = "UIInterfaceOrientationLandscapeLeft UIInterfaceOrientationLandscapeRight UIInterfaceOrientationPortrait UIInterfaceOrientationPortraitUpsideDown";
				LD_RUNPATH_SEARCH_PATHS = (
					"$(inherited)",
					"@executable_path/Frameworks",
				);
				MARKETING_VERSION = 1.0;
				PRODUCT_BUNDLE_IDENTIFIER = freelancer.PKM;
				PRODUCT_NAME = AdhaApp;
				SUPPORTED_PLATFORMS = "iphoneos iphonesimulator";
				SUPPORTS_MACCATALYST = NO;
				SUPPORTS_MAC_DESIGNED_FOR_IPHONE_IPAD = NO;
				SWIFT_EMIT_LOC_STRINGS = YES;
				SWIFT_VERSION = 5.0;
				TARGETED_DEVICE_FAMILY = "1,2";
			};
			name = Debug;
		};
		498D0502277058B400D4056E /* Release */ = {
			isa = XCBuildConfiguration;
			buildSettings = {
				ASSETCATALOG_COMPILER_APPICON_NAME = AppIcon;
				ASSETCATALOG_COMPILER_GLOBAL_ACCENT_COLOR_NAME = AccentColor;
				ASSETCATALOG_COMPILER_INCLUDE_ALL_APPICON_ASSETS = NO;
				CODE_SIGN_STYLE = Automatic;
				CURRENT_PROJECT_VERSION = 1;
				DEVELOPMENT_ASSET_PATHS = "\"PKM/Preview Content\"";
				DEVELOPMENT_TEAM = TYPD79YR6C;
				ENABLE_PREVIEWS = YES;
				GENERATE_INFOPLIST_FILE = YES;
				INFOPLIST_KEY_CFBundleDisplayName = "PKM PM";
				INFOPLIST_KEY_LSApplicationCategoryType = "public.app-category.education";
				INFOPLIST_KEY_UIApplicationSceneManifest_Generation = YES;
				INFOPLIST_KEY_UIApplicationSupportsIndirectInputEvents = YES;
				INFOPLIST_KEY_UILaunchScreen_Generation = YES;
				INFOPLIST_KEY_UIRequiresFullScreen = NO;
				INFOPLIST_KEY_UISupportedInterfaceOrientations = "UIInterfaceOrientationLandscapeLeft UIInterfaceOrientationLandscapeRight UIInterfaceOrientationPortrait UIInterfaceOrientationPortraitUpsideDown";
				LD_RUNPATH_SEARCH_PATHS = (
					"$(inherited)",
					"@executable_path/Frameworks",
				);
				MARKETING_VERSION = 1.0;
				PRODUCT_BUNDLE_IDENTIFIER = freelancer.PKM;
				PRODUCT_NAME = AdhaApp;
				SUPPORTED_PLATFORMS = "iphoneos iphonesimulator";
				SUPPORTS_MACCATALYST = NO;
				SUPPORTS_MAC_DESIGNED_FOR_IPHONE_IPAD = NO;
				SWIFT_EMIT_LOC_STRINGS = YES;
				SWIFT_VERSION = 5.0;
				TARGETED_DEVICE_FAMILY = "1,2";
			};
			name = Release;
		};
		498D0504277058B400D4056E /* Debug */ = {
			isa = XCBuildConfiguration;
			buildSettings = {
				ALWAYS_EMBED_SWIFT_STANDARD_LIBRARIES = YES;
				BUNDLE_LOADER = "$(TEST_HOST)";
				CODE_SIGN_STYLE = Automatic;
				CURRENT_PROJECT_VERSION = 1;
				DEVELOPMENT_TEAM = TYPD79YR6C;
				GENERATE_INFOPLIST_FILE = YES;
				IPHONEOS_DEPLOYMENT_TARGET = 15.0;
				LD_RUNPATH_SEARCH_PATHS = (
					"$(inherited)",
					"@executable_path/Frameworks",
					"@loader_path/Frameworks",
				);
				MARKETING_VERSION = 1.0;
				PRODUCT_BUNDLE_IDENTIFIER = freelancer.PKMTests;
				PRODUCT_NAME = "$(TARGET_NAME)";
				SWIFT_EMIT_LOC_STRINGS = NO;
				SWIFT_VERSION = 5.0;
				TARGETED_DEVICE_FAMILY = "1,2";
				TEST_HOST = "$(BUILT_PRODUCTS_DIR)/PKM.app/PKM";
			};
			name = Debug;
		};
		498D0505277058B400D4056E /* Release */ = {
			isa = XCBuildConfiguration;
			buildSettings = {
				ALWAYS_EMBED_SWIFT_STANDARD_LIBRARIES = YES;
				BUNDLE_LOADER = "$(TEST_HOST)";
				CODE_SIGN_STYLE = Automatic;
				CURRENT_PROJECT_VERSION = 1;
				DEVELOPMENT_TEAM = TYPD79YR6C;
				GENERATE_INFOPLIST_FILE = YES;
				IPHONEOS_DEPLOYMENT_TARGET = 15.0;
				LD_RUNPATH_SEARCH_PATHS = (
					"$(inherited)",
					"@executable_path/Frameworks",
					"@loader_path/Frameworks",
				);
				MARKETING_VERSION = 1.0;
				PRODUCT_BUNDLE_IDENTIFIER = freelancer.PKMTests;
				PRODUCT_NAME = "$(TARGET_NAME)";
				SWIFT_EMIT_LOC_STRINGS = NO;
				SWIFT_VERSION = 5.0;
				TARGETED_DEVICE_FAMILY = "1,2";
				TEST_HOST = "$(BUILT_PRODUCTS_DIR)/PKM.app/PKM";
			};
			name = Release;
		};
		498D0507277058B400D4056E /* Debug */ = {
			isa = XCBuildConfiguration;
			buildSettings = {
				ALWAYS_EMBED_SWIFT_STANDARD_LIBRARIES = YES;
				CODE_SIGN_STYLE = Automatic;
				CURRENT_PROJECT_VERSION = 1;
				DEVELOPMENT_TEAM = TYPD79YR6C;
				GENERATE_INFOPLIST_FILE = YES;
				LD_RUNPATH_SEARCH_PATHS = (
					"$(inherited)",
					"@executable_path/Frameworks",
					"@loader_path/Frameworks",
				);
				MARKETING_VERSION = 1.0;
				PRODUCT_BUNDLE_IDENTIFIER = freelancer.PKMUITests;
				PRODUCT_NAME = "$(TARGET_NAME)";
				SWIFT_EMIT_LOC_STRINGS = NO;
				SWIFT_VERSION = 5.0;
				TARGETED_DEVICE_FAMILY = "1,2";
				TEST_TARGET_NAME = PKM;
			};
			name = Debug;
		};
		498D0508277058B400D4056E /* Release */ = {
			isa = XCBuildConfiguration;
			buildSettings = {
				ALWAYS_EMBED_SWIFT_STANDARD_LIBRARIES = YES;
				CODE_SIGN_STYLE = Automatic;
				CURRENT_PROJECT_VERSION = 1;
				DEVELOPMENT_TEAM = TYPD79YR6C;
				GENERATE_INFOPLIST_FILE = YES;
				LD_RUNPATH_SEARCH_PATHS = (
					"$(inherited)",
					"@executable_path/Frameworks",
					"@loader_path/Frameworks",
				);
				MARKETING_VERSION = 1.0;
				PRODUCT_BUNDLE_IDENTIFIER = freelancer.PKMUITests;
				PRODUCT_NAME = "$(TARGET_NAME)";
				SWIFT_EMIT_LOC_STRINGS = NO;
				SWIFT_VERSION = 5.0;
				TARGETED_DEVICE_FAMILY = "1,2";
				TEST_TARGET_NAME = PKM;
			};
			name = Release;
		};
/* End XCBuildConfiguration section */

/* Begin XCConfigurationList section */
		498D04D7277058B300D4056E /* Build configuration list for PBXProject "PKM" */ = {
			isa = XCConfigurationList;
			buildConfigurations = (
				498D04FE277058B400D4056E /* Debug */,
				498D04FF277058B400D4056E /* Release */,
			);
			defaultConfigurationIsVisible = 0;
			defaultConfigurationName = Release;
		};
		498D0500277058B400D4056E /* Build configuration list for PBXNativeTarget "PKM" */ = {
			isa = XCConfigurationList;
			buildConfigurations = (
				498D0501277058B400D4056E /* Debug */,
				498D0502277058B400D4056E /* Release */,
			);
			defaultConfigurationIsVisible = 0;
			defaultConfigurationName = Release;
		};
		498D0503277058B400D4056E /* Build configuration list for PBXNativeTarget "PKMTests" */ = {
			isa = XCConfigurationList;
			buildConfigurations = (
				498D0504277058B400D4056E /* Debug */,
				498D0505277058B400D4056E /* Release */,
			);
			defaultConfigurationIsVisible = 0;
			defaultConfigurationName = Release;
		};
		498D0506277058B400D4056E /* Build configuration list for PBXNativeTarget "PKMUITests" */ = {
			isa = XCConfigurationList;
			buildConfigurations = (
				498D0507277058B400D4056E /* Debug */,
				498D0508277058B400D4056E /* Release */,
			);
			defaultConfigurationIsVisible = 0;
			defaultConfigurationName = Release;
		};
/* End XCConfigurationList section */
	};
	rootObject = 498D04D4277058B300D4056E /* Project object */;
}
